
Microsoft Visual Studio Solution File, Format Version 11.00
# Visual Studio 2010
Project("{FAE04EC0-301F-11D3-BF4B-00C04F79EFBC}") = "V1", "V1\V1.csproj", "{9CE5D5D3-6127-4106-9AAD-7C653A4F7385}"
EndProject
Global
	GlobalSection(SolutionConfigurationPlatforms) = preSolution
		Debug|Any CPU = Debug|Any CPU
		Release|Any CPU = Release|Any CPU
	EndGlobalSection
	GlobalSection(ProjectConfigurationPlatforms) = postSolution
		{9CE5D5D3-6127-4106-9AAD-7C653A4F7385}.Debug|Any CPU.ActiveCfg = Debug|Any CPU
		{9CE5D5D3-6127-4106-9AAD-7C653A4F7385}.Debug|Any CPU.Build.0 = Debug|Any CPU
		{9CE5D5D3-6127-4106-9AAD-7C653A4F7385}.Release|Any CPU.ActiveCfg = Release|Any CPU
		{9CE5D5D3-6127-4106-9AAD-7C653A4F7385}.Release|Any CPU.Build.0 = Release|Any CPU
	EndGlobalSection
	GlobalSection(SolutionProperties) = preSolution
		HideSolutionNode = FALSE
	EndGlobalSection
EndGlobal
